// !$*UTF8*$!
{
	archiveVersion = 1;
	classes = {
	};
	objectVersion = 46;
	objects = {

/* Begin PBXBuildFile section */
		93C359E21AD735F900C8E2F4 /* AppDelegate.swift in Sources */ = {isa = PBXBuildFile; fileRef = 93C359E11AD735F900C8E2F4 /* AppDelegate.swift */; };
		93C359E41AD735F900C8E2F4 /* ViewController.swift in Sources */ = {isa = PBXBuildFile; fileRef = 93C359E31AD735F900C8E2F4 /* ViewController.swift */; };
		93C359E71AD735F900C8E2F4 /* Main.storyboard in Resources */ = {isa = PBXBuildFile; fileRef = 93C359E51AD735F900C8E2F4 /* Main.storyboard */; };
		93C359E91AD735F900C8E2F4 /* Images.xcassets in Resources */ = {isa = PBXBuildFile; fileRef = 93C359E81AD735F900C8E2F4 /* Images.xcassets */; };
		93C359EC1AD735F900C8E2F4 /* LaunchScreen.xib in Resources */ = {isa = PBXBuildFile; fileRef = 93C359EA1AD735F900C8E2F4 /* LaunchScreen.xib */; };
		93C35A031AD7372800C8E2F4 /* CoreBluetooth.framework in Frameworks */ = {isa = PBXBuildFile; fileRef = 93C35A021AD7372800C8E2F4 /* CoreBluetooth.framework */; };
		93C35A051AD7373500C8E2F4 /* MicrosoftBandKit_iOS.framework in Frameworks */ = {isa = PBXBuildFile; fileRef = 93C35A041AD7373500C8E2F4 /* MicrosoftBandKit_iOS.framework */; };
		93C35A081AD7382B00C8E2F4 /* SampleMeTileImage.jpg in Resources */ = {isa = PBXBuildFile; fileRef = 93C35A071AD7382B00C8E2F4 /* SampleMeTileImage.jpg */; };
/* End PBXBuildFile section */

/* Begin PBXFileReference section */
		93C359DC1AD735F900C8E2F4 /* BandPersonalizationSwift.app */ = {isa = PBXFileReference; explicitFileType = wrapper.application; includeInIndex = 0; path = BandPersonalizationSwift.app; sourceTree = BUILT_PRODUCTS_DIR; };
		93C359E01AD735F900C8E2F4 /* Info.plist */ = {isa = PBXFileReference; lastKnownFileType = text.plist.xml; path = Info.plist; sourceTree = "<group>"; };
		93C359E11AD735F900C8E2F4 /* AppDelegate.swift */ = {isa = PBXFileReference; lastKnownFileType = sourcecode.swift; path = AppDelegate.swift; sourceTree = "<group>"; };
		93C359E31AD735F900C8E2F4 /* ViewController.swift */ = {isa = PBXFileReference; lastKnownFileType = sourcecode.swift; path = ViewController.swift; sourceTree = "<group>"; };
		93C359E61AD735F900C8E2F4 /* Base */ = {isa = PBXFileReference; lastKnownFileType = file.storyboard; name = Base; path = Base.lproj/Main.storyboard; sourceTree = "<group>"; };
		93C359E81AD735F900C8E2F4 /* Images.xcassets */ = {isa = PBXFileReference; lastKnownFileType = folder.assetcatalog; path = Images.xcassets; sourceTree = "<group>"; };
		93C359EB1AD735F900C8E2F4 /* Base */ = {isa = PBXFileReference; lastKnownFileType = file.xib; name = Base; path = Base.lproj/LaunchScreen.xib; sourceTree = "<group>"; };
		93C35A021AD7372800C8E2F4 /* CoreBluetooth.framework */ = {isa = PBXFileReference; lastKnownFileType = wrapper.framework; name = CoreBluetooth.framework; path = System/Library/Frameworks/CoreBluetooth.framework; sourceTree = SDKROOT; };
		93C35A041AD7373500C8E2F4 /* MicrosoftBandKit_iOS.framework */ = {isa = PBXFileReference; lastKnownFileType = wrapper.framework; path = MicrosoftBandKit_iOS.framework; sourceTree = "<group>"; };
		93C35A061AD737B000C8E2F4 /* BandPersonalizationSwift-Bridging-Header.h */ = {isa = PBXFileReference; lastKnownFileType = sourcecode.c.h; path = "BandPersonalizationSwift-Bridging-Header.h"; sourceTree = "<group>"; };
		93C35A071AD7382B00C8E2F4 /* SampleMeTileImage.jpg */ = {isa = PBXFileReference; lastKnownFileType = image.jpeg; path = SampleMeTileImage.jpg; sourceTree = "<group>"; };
/* End PBXFileReference section */

/* Begin PBXFrameworksBuildPhase section */
		93C359D91AD735F900C8E2F4 /* Frameworks */ = {
			isa = PBXFrameworksBuildPhase;
			buildActionMask = 2147483647;
			files = (
				93C35A031AD7372800C8E2F4 /* CoreBluetooth.framework in Frameworks */,
				93C35A051AD7373500C8E2F4 /* MicrosoftBandKit_iOS.framework in Frameworks */,
			);
			runOnlyForDeploymentPostprocessing = 0;
		};
/* End PBXFrameworksBuildPhase section */

/* Begin PBXGroup section */
		93C359D31AD735F900C8E2F4 = {
			isa = PBXGroup;
			children = (
				93C35A011AD7371100C8E2F4 /* Frameworks */,
				93C359DE1AD735F900C8E2F4 /* BandPersonalizationSwift */,
				93C359DD1AD735F900C8E2F4 /* Products */,
			);
			sourceTree = "<group>";
		};
		93C359DD1AD735F900C8E2F4 /* Products */ = {
			isa = PBXGroup;
			children = (
				93C359DC1AD735F900C8E2F4 /* BandPersonalizationSwift.app */,
			);
			name = Products;
			sourceTree = "<group>";
		};
		93C359DE1AD735F900C8E2F4 /* BandPersonalizationSwift */ = {
			isa = PBXGroup;
			children = (
				93C359E11AD735F900C8E2F4 /* AppDelegate.swift */,
				93C35A061AD737B000C8E2F4 /* BandPersonalizationSwift-Bridging-Header.h */,
				93C359E31AD735F900C8E2F4 /* ViewController.swift */,
				93C359E51AD735F900C8E2F4 /* Main.storyboard */,
				93C359E81AD735F900C8E2F4 /* Images.xcassets */,
				93C35A071AD7382B00C8E2F4 /* SampleMeTileImage.jpg */,
				93C359EA1AD735F900C8E2F4 /* LaunchScreen.xib */,
				93C359DF1AD735F900C8E2F4 /* Supporting Files */,
			);
			path = BandPersonalizationSwift;
			sourceTree = "<group>";
		};
		93C359DF1AD735F900C8E2F4 /* Supporting Files */ = {
			isa = PBXGroup;
			children = (
				93C359E01AD735F900C8E2F4 /* Info.plist */,
			);
			name = "Supporting Files";
			sourceTree = "<group>";
		};
		93C35A011AD7371100C8E2F4 /* Frameworks */ = {
			isa = PBXGroup;
			children = (
				93C35A041AD7373500C8E2F4 /* MicrosoftBandKit_iOS.framework */,
				93C35A021AD7372800C8E2F4 /* CoreBluetooth.framework */,
			);
			name = Frameworks;
			sourceTree = "<group>";
		};
/* End PBXGroup section */

/* Begin PBXNativeTarget section */
		93C359DB1AD735F900C8E2F4 /* BandPersonalizationSwift */ = {
			isa = PBXNativeTarget;
			buildConfigurationList = 93C359FB1AD735F900C8E2F4 /* Build configuration list for PBXNativeTarget "BandPersonalizationSwift" */;
			buildPhases = (
				93C359D81AD735F900C8E2F4 /* Sources */,
				93C359D91AD735F900C8E2F4 /* Frameworks */,
				93C359DA1AD735F900C8E2F4 /* Resources */,
			);
			buildRules = (
			);
			dependencies = (
			);
			name = BandPersonalizationSwift;
			productName = BandPersonalizationSwift;
			productReference = 93C359DC1AD735F900C8E2F4 /* BandPersonalizationSwift.app */;
			productType = "com.apple.product-type.application";
		};
/* End PBXNativeTarget section */

/* Begin PBXProject section */
		93C359D41AD735F900C8E2F4 /* Project object */ = {
			isa = PBXProject;
			attributes = {
				LastUpgradeCheck = 0630;
				ORGANIZATIONNAME = "New Thistle LLC";
				TargetAttributes = {
					93C359DB1AD735F900C8E2F4 = {
						CreatedOnToolsVersion = 6.3;
					};
				};
			};
			buildConfigurationList = 93C359D71AD735F900C8E2F4 /* Build configuration list for PBXProject "BandPersonalizationSwift" */;
			compatibilityVersion = "Xcode 3.2";
			developmentRegion = English;
			hasScannedForEncodings = 0;
			knownRegions = (
				en,
				Base,
			);
			mainGroup = 93C359D31AD735F900C8E2F4;
			productRefGroup = 93C359DD1AD735F900C8E2F4 /* Products */;
			projectDirPath = "";
			projectRoot = "";
			targets = (
				93C359DB1AD735F900C8E2F4 /* BandPersonalizationSwift */,
			);
		};
/* End PBXProject section */

/* Begin PBXResourcesBuildPhase section */
		93C359DA1AD735F900C8E2F4 /* Resources */ = {
			isa = PBXResourcesBuildPhase;
			buildActionMask = 2147483647;
			files = (
				93C359E71AD735F900C8E2F4 /* Main.storyboard in Resources */,
				93C35A081AD7382B00C8E2F4 /* SampleMeTileImage.jpg in Resources */,
				93C359EC1AD735F900C8E2F4 /* LaunchScreen.xib in Resources */,
				93C359E91AD735F900C8E2F4 /* Images.xcassets in Resources */,
			);
			runOnlyForDeploymentPostprocessing = 0;
		};
/* End PBXResourcesBuildPhase section */

/* Begin PBXSourcesBuildPhase section */
		93C359D81AD735F900C8E2F4 /* Sources */ = {
			isa = PBXSourcesBuildPhase;
			buildActionMask = 2147483647;
			files = (
				93C359E41AD735F900C8E2F4 /* ViewController.swift in Sources */,
				93C359E21AD735F900C8E2F4 /* AppDelegate.swift in Sources */,
			);
			runOnlyForDeploymentPostprocessing = 0;
		};
/* End PBXSourcesBuildPhase section */

/* Begin PBXVariantGroup section */
		93C359E51AD735F900C8E2F4 /* Main.storyboard */ = {
			isa = PBXVariantGroup;
			children = (
				93C359E61AD735F900C8E2F4 /* Base */,
			);
			name = Main.storyboard;
			sourceTree = "<group>";
		};
		93C359EA1AD735F900C8E2F4 /* LaunchScreen.xib */ = {
			isa = PBXVariantGroup;
			children = (
				93C359EB1AD735F900C8E2F4 /* Base */,
			);
			name = LaunchScreen.xib;
			sourceTree = "<group>";
		};
/* End PBXVariantGroup section */

/* Begin XCBuildConfiguration section */
		93C359F91AD735F900C8E2F4 /* Debug */ = {
			isa = XCBuildConfiguration;
			buildSettings = {
				ALWAYS_SEARCH_USER_PATHS = NO;
				CLANG_CXX_LANGUAGE_STANDARD = "gnu++0x";
				CLANG_CXX_LIBRARY = "libc++";
				CLANG_ENABLE_MODULES = YES;
				CLANG_ENABLE_OBJC_ARC = YES;
				CLANG_WARN_BOOL_CONVERSION = YES;
				CLANG_WARN_CONSTANT_CONVERSION = YES;
				CLANG_WARN_DIRECT_OBJC_ISA_USAGE = YES_ERROR;
				CLANG_WARN_EMPTY_BODY = YES;
				CLANG_WARN_ENUM_CONVERSION = YES;
				CLANG_WARN_INT_CONVERSION = YES;
				CLANG_WARN_OBJC_ROOT_CLASS = YES_ERROR;
				CLANG_WARN_UNREACHABLE_CODE = YES;
				CLANG_WARN__DUPLICATE_METHOD_MATCH = YES;
				"CODE_SIGN_IDENTITY[sdk=iphoneos*]" = "iPhone Developer";
				COPY_PHASE_STRIP = NO;
				DEBUG_INFORMATION_FORMAT = "dwarf-with-dsym";
				ENABLE_STRICT_OBJC_MSGSEND = YES;
				GCC_C_LANGUAGE_STANDARD = gnu99;
				GCC_DYNAMIC_NO_PIC = NO;
				GCC_NO_COMMON_BLOCKS = YES;
				GCC_OPTIMIZATION_LEVEL = 0;
				GCC_PREPROCESSOR_DEFINITIONS = (
					"DEBUG=1",
					"$(inherited)",
				);
				GCC_SYMBOLS_PRIVATE_EXTERN = NO;
				GCC_WARN_64_TO_32_BIT_CONVERSION = YES;
				GCC_WARN_ABOUT_RETURN_TYPE = YES_ERROR;
				GCC_WARN_UNDECLARED_SELECTOR = YES;
				GCC_WARN_UNINITIALIZED_AUTOS = YES_AGGRESSIVE;
				GCC_WARN_UNUSED_FUNCTION = YES;
				GCC_WARN_UNUSED_VARIABLE = YES;
				IPHONEOS_DEPLOYMENT_TARGET = 7.0;
				MTL_ENABLE_DEBUG_INFO = YES;
				ONLY_ACTIVE_ARCH = YES;
				SDKROOT = iphoneos;
				SWIFT_OPTIMIZATION_LEVEL = "-Onone";
			};
			name = Debug;
		};
		93C359FA1AD735F900C8E2F4 /* Release */ = {
			isa = XCBuildConfiguration;
			buildSettings = {
				ALWAYS_SEARCH_USER_PATHS = NO;
				CLANG_CXX_LANGUAGE_STANDARD = "gnu++0x";
				CLANG_CXX_LIBRARY = "libc++";
				CLANG_ENABLE_MODULES = YES;
				CLANG_ENABLE_OBJC_ARC = YES;
				CLANG_WARN_BOOL_CONVERSION = YES;
				CLANG_WARN_CONSTANT_CONVERSION = YES;
				CLANG_WARN_DIRECT_OBJC_ISA_USAGE = YES_ERROR;
				CLANG_WARN_EMPTY_BODY = YES;
				CLANG_WARN_ENUM_CONVERSION = YES;
				CLANG_WARN_INT_CONVERSION = YES;
				CLANG_WARN_OBJC_ROOT_CLASS = YES_ERROR;
				CLANG_WARN_UNREACHABLE_CODE = YES;
				CLANG_WARN__DUPLICATE_METHOD_MATCH = YES;
				"CODE_SIGN_IDENTITY[sdk=iphoneos*]" = "iPhone Developer";
				COPY_PHASE_STRIP = NO;
				DEBUG_INFORMATION_FORMAT = "dwarf-with-dsym";
				ENABLE_NS_ASSERTIONS = NO;
				ENABLE_STRICT_OBJC_MSGSEND = YES;
				GCC_C_LANGUAGE_STANDARD = gnu99;
				GCC_NO_COMMON_BLOCKS = YES;
				GCC_WARN_64_TO_32_BIT_CONVERSION = YES;
				GCC_WARN_ABOUT_RETURN_TYPE = YES_ERROR;
				GCC_WARN_UNDECLARED_SELECTOR = YES;
				GCC_WARN_UNINITIALIZED_AUTOS = YES_AGGRESSIVE;
				GCC_WARN_UNUSED_FUNCTION = YES;
				GCC_WARN_UNUSED_VARIABLE = YES;
				IPHONEOS_DEPLOYMENT_TARGET = 7.0;
				MTL_ENABLE_DEBUG_INFO = NO;
				SDKROOT = iphoneos;
				VALIDATE_PRODUCT = YES;
			};
			name = Release;
		};
		93C359FC1AD735F900C8E2F4 /* Debug */ = {
			isa = XCBuildConfiguration;
			buildSettings = {
				ASSETCATALOG_COMPILER_APPICON_NAME = AppIcon;
				FRAMEWORK_SEARCH_PATHS = (
					"$(inherited)",
					"$(PROJECT_DIR)",
				);
				INFOPLIST_FILE = BandPersonalizationSwift/Info.plist;
				LD_RUNPATH_SEARCH_PATHS = "$(inherited) @executable_path/Frameworks";
				PRODUCT_NAME = "$(TARGET_NAME)";
				SWIFT_OBJC_BRIDGING_HEADER = "BandPersonalizationSwift/BandPersonalizationSwift-Bridging-Header.h";
			};
			name = Debug;
		};
		93C359FD1AD735F900C8E2F4 /* Release */ = {
			isa = XCBuildConfiguration;
			buildSettings = {
				ASSETCATALOG_COMPILER_APPICON_NAME = AppIcon;
				FRAMEWORK_SEARCH_PATHS = (
					"$(inherited)",
					"$(PROJECT_DIR)",
				);
				INFOPLIST_FILE = BandPersonalizationSwift/Info.plist;
				LD_RUNPATH_SEARCH_PATHS = "$(inherited) @executable_path/Frameworks";
				PRODUCT_NAME = "$(TARGET_NAME)";
				SWIFT_OBJC_BRIDGING_HEADER = "BandPersonalizationSwift/BandPersonalizationSwift-Bridging-Header.h";
			};
			name = Release;
		};
/* End XCBuildConfiguration section */

/* Begin XCConfigurationList section */
		93C359D71AD735F900C8E2F4 /* Build configuration list for PBXProject "BandPersonalizationSwift" */ = {
			isa = XCConfigurationList;
			buildConfigurations = (
				93C359F91AD735F900C8E2F4 /* Debug */,
				93C359FA1AD735F900C8E2F4 /* Release */,
			);
			defaultConfigurationIsVisible = 0;
			defaultConfigurationName = Release;
		};
		93C359FB1AD735F900C8E2F4 /* Build configuration list for PBXNativeTarget "BandPersonalizationSwift" */ = {
			isa = XCConfigurationList;
			buildConfigurations = (
				93C359FC1AD735F900C8E2F4 /* Debug */,
				93C359FD1AD735F900C8E2F4 /* Release */,
			);
			defaultConfigurationIsVisible = 0;
		};
/* End XCConfigurationList section */
	};
	rootObject = 93C359D41AD735F900C8E2F4 /* Project object */;
}
